
Microsoft Visual Studio Solution File, Format Version 12.00
# Visual Studio 15
VisualStudioVersion = 15.0.26730.16
MinimumVisualStudioVersion = 10.0.40219.1
Project("{888888A0-9F3D-457C-B088-3A5042F75D52}") = "SpaceWar", "SpaceWar.pyproj", "{CBA29E55-47AD-4A68-9478-BA988228E8D8}"
EndProject
Global
	GlobalSection(SolutionConfigurationPlatforms) = preSolution
		Debug|Any CPU = Debug|Any CPU
		Release|Any CPU = Release|Any CPU
	EndGlobalSection
	GlobalSection(ProjectConfigurationPlatforms) = postSolution
		{CBA29E55-47AD-4A68-9478-BA988228E8D8}.Debug|Any CPU.ActiveCfg = Debug|Any CPU
		{CBA29E55-47AD-4A68-9478-BA988228E8D8}.Release|Any CPU.ActiveCfg = Release|Any CPU
	EndGlobalSection
	GlobalSection(SolutionProperties) = preSolution
		HideSolutionNode = FALSE
	EndGlobalSection
	GlobalSection(ExtensibilityGlobals) = postSolution
		SolutionGuid = {E74956FE-5612-4BB6-A0E7-CB28DD37EAC9}
	EndGlobalSection
EndGlobal
